
Microsoft Visual Studio Solution File, Format Version 12.00
# Visual Studio 14
VisualStudioVersion = 14.0.25420.1
MinimumVisualStudioVersion = 10.0.40219.1
Project("{2150E333-8FDC-42A3-9474-1A3956D46DE8}") = "src", "src", "{13CC7C56-BC70-4C49-A637-3647D78366A1}"
EndProject
Project("{2150E333-8FDC-42A3-9474-1A3956D46DE8}") = "Solution Items", "Solution Items", "{6C407C93-B2A3-4783-87D1-2B83B10A3E93}"
	ProjectSection(SolutionItems) = preProject
		global.json = global.json
	EndProjectSection
EndProject
Project("{8BB2217D-0F2D-49D1-97BC-3654ED321F3B}") = "asp_assignment", "src\asp_assignment\asp_assignment.xproj", "{A4A975A6-9ECC-4616-B9BF-4CAD05E8D3D9}"
EndProject
Global
	GlobalSection(SolutionConfigurationPlatforms) = preSolution
		Debug|Any CPU = Debug|Any CPU
		Release|Any CPU = Release|Any CPU
	EndGlobalSection
	GlobalSection(ProjectConfigurationPlatforms) = postSolution
		{A4A975A6-9ECC-4616-B9BF-4CAD05E8D3D9}.Debug|Any CPU.ActiveCfg = Debug|Any CPU
		{A4A975A6-9ECC-4616-B9BF-4CAD05E8D3D9}.Debug|Any CPU.Build.0 = Debug|Any CPU
		{A4A975A6-9ECC-4616-B9BF-4CAD05E8D3D9}.Release|Any CPU.ActiveCfg = Release|Any CPU
		{A4A975A6-9ECC-4616-B9BF-4CAD05E8D3D9}.Release|Any CPU.Build.0 = Release|Any CPU
	EndGlobalSection
	GlobalSection(SolutionProperties) = preSolution
		HideSolutionNode = FALSE
	EndGlobalSection
	GlobalSection(NestedProjects) = preSolution
		{A4A975A6-9ECC-4616-B9BF-4CAD05E8D3D9} = {13CC7C56-BC70-4C49-A637-3647D78366A1}
	EndGlobalSection
EndGlobal
